
Microsoft Visual Studio Solution File, Format Version 12.00
# Visual Studio Version 17
VisualStudioVersion = 17.9.34723.18
MinimumVisualStudioVersion = 10.0.40219.1
Project("{FAE04EC0-301F-11D3-BF4B-00C04F79EFBC}") = "DuckTracker", "DuckTracker\DuckTracker.csproj", "{6F64AE8C-A640-47F4-9826-C9C338D30D2E}"
EndProject
Global
	GlobalSection(SolutionConfigurationPlatforms) = preSolution
		Debug|Any CPU = Debug|Any CPU
		Release|Any CPU = Release|Any CPU
	EndGlobalSection
	GlobalSection(ProjectConfigurationPlatforms) = postSolution
		{6F64AE8C-A640-47F4-9826-C9C338D30D2E}.Debug|Any CPU.ActiveCfg = Debug|Any CPU
		{6F64AE8C-A640-47F4-9826-C9C338D30D2E}.Debug|Any CPU.Build.0 = Debug|Any CPU
		{6F64AE8C-A640-47F4-9826-C9C338D30D2E}.Release|Any CPU.ActiveCfg = Release|Any CPU
		{6F64AE8C-A640-47F4-9826-C9C338D30D2E}.Release|Any CPU.Build.0 = Release|Any CPU
	EndGlobalSection
	GlobalSection(SolutionProperties) = preSolution
		HideSolutionNode = FALSE
	EndGlobalSection
	GlobalSection(ExtensibilityGlobals) = postSolution
		SolutionGuid = {67B6DA44-450B-43CC-A73A-96047EEC6A49}
	EndGlobalSection
EndGlobal
