
Microsoft Visual Studio Solution File, Format Version 12.00
# Visual Studio Version 17
VisualStudioVersion = 17.9.34723.18
MinimumVisualStudioVersion = 10.0.40219.1
Project("{FAE04EC0-301F-11D3-BF4B-00C04F79EFBC}") = "PickACardUI", "PickACardUI\PickACardUI.csproj", "{3F5F9AE7-BC11-48FB-AE77-4A02DAC2D4C2}"
EndProject
Project("{2150E333-8FDC-42A3-9474-1A3956D46DE8}") = "Solution Items", "Solution Items", "{DD7AF07A-6F07-43F7-94BF-DBAA2CDB3253}"
EndProject
Global
	GlobalSection(SolutionConfigurationPlatforms) = preSolution
		Debug|Any CPU = Debug|Any CPU
		Release|Any CPU = Release|Any CPU
	EndGlobalSection
	GlobalSection(ProjectConfigurationPlatforms) = postSolution
		{3F5F9AE7-BC11-48FB-AE77-4A02DAC2D4C2}.Debug|Any CPU.ActiveCfg = Debug|Any CPU
		{3F5F9AE7-BC11-48FB-AE77-4A02DAC2D4C2}.Debug|Any CPU.Build.0 = Debug|Any CPU
		{3F5F9AE7-BC11-48FB-AE77-4A02DAC2D4C2}.Release|Any CPU.ActiveCfg = Release|Any CPU
		{3F5F9AE7-BC11-48FB-AE77-4A02DAC2D4C2}.Release|Any CPU.Build.0 = Release|Any CPU
	EndGlobalSection
	GlobalSection(SolutionProperties) = preSolution
		HideSolutionNode = FALSE
	EndGlobalSection
	GlobalSection(ExtensibilityGlobals) = postSolution
		SolutionGuid = {2A072143-E0AF-45C8-865D-5E4FC8903765}
	EndGlobalSection
EndGlobal
