
Microsoft Visual Studio Solution File, Format Version 12.00
# Visual Studio Version 17
VisualStudioVersion = 17.5.002.0
MinimumVisualStudioVersion = 10.0.40219.1
Project("{9A19103F-16F7-4668-BE54-9A1E7A4F7556}") = "BinaryWriter", "BinaryWriter.csproj", "{32D9EDDC-ED7B-4A57-B046-DA6135DF121E}"
EndProject
Global
	GlobalSection(SolutionConfigurationPlatforms) = preSolution
		Debug|Any CPU = Debug|Any CPU
		Release|Any CPU = Release|Any CPU
	EndGlobalSection
	GlobalSection(ProjectConfigurationPlatforms) = postSolution
		{32D9EDDC-ED7B-4A57-B046-DA6135DF121E}.Debug|Any CPU.ActiveCfg = Debug|Any CPU
		{32D9EDDC-ED7B-4A57-B046-DA6135DF121E}.Debug|Any CPU.Build.0 = Debug|Any CPU
		{32D9EDDC-ED7B-4A57-B046-DA6135DF121E}.Release|Any CPU.ActiveCfg = Release|Any CPU
		{32D9EDDC-ED7B-4A57-B046-DA6135DF121E}.Release|Any CPU.Build.0 = Release|Any CPU
	EndGlobalSection
	GlobalSection(SolutionProperties) = preSolution
		HideSolutionNode = FALSE
	EndGlobalSection
	GlobalSection(ExtensibilityGlobals) = postSolution
		SolutionGuid = {F6192FDF-3D50-4522-A221-EF4D16F21F3C}
	EndGlobalSection
EndGlobal
