
Microsoft Visual Studio Solution File, Format Version 12.00
# Visual Studio Version 17
VisualStudioVersion = 17.9.34723.18
MinimumVisualStudioVersion = 10.0.40219.1
Project("{FAE04EC0-301F-11D3-BF4B-00C04F79EFBC}") = "Bird", "Bird\Bird.csproj", "{3071D5A6-A7A2-416D-94AD-0705A17C167A}"
EndProject
Global
	GlobalSection(SolutionConfigurationPlatforms) = preSolution
		Debug|Any CPU = Debug|Any CPU
		Release|Any CPU = Release|Any CPU
	EndGlobalSection
	GlobalSection(ProjectConfigurationPlatforms) = postSolution
		{3071D5A6-A7A2-416D-94AD-0705A17C167A}.Debug|Any CPU.ActiveCfg = Debug|Any CPU
		{3071D5A6-A7A2-416D-94AD-0705A17C167A}.Debug|Any CPU.Build.0 = Debug|Any CPU
		{3071D5A6-A7A2-416D-94AD-0705A17C167A}.Release|Any CPU.ActiveCfg = Release|Any CPU
		{3071D5A6-A7A2-416D-94AD-0705A17C167A}.Release|Any CPU.Build.0 = Release|Any CPU
	EndGlobalSection
	GlobalSection(SolutionProperties) = preSolution
		HideSolutionNode = FALSE
	EndGlobalSection
	GlobalSection(ExtensibilityGlobals) = postSolution
		SolutionGuid = {FF3A6470-C624-44B9-B3D7-32DE8F3B2846}
	EndGlobalSection
EndGlobal
