
Microsoft Visual Studio Solution File, Format Version 12.00
# Visual Studio Version 17
VisualStudioVersion = 17.9.34723.18
MinimumVisualStudioVersion = 10.0.40219.1
Project("{FAE04EC0-301F-11D3-BF4B-00C04F79EFBC}") = "Interfaces1", "Interfaces1\Interfaces1.csproj", "{B6EE03C8-0177-44EC-8702-61534C2C78B6}"
EndProject
Global
	GlobalSection(SolutionConfigurationPlatforms) = preSolution
		Debug|Any CPU = Debug|Any CPU
		Release|Any CPU = Release|Any CPU
	EndGlobalSection
	GlobalSection(ProjectConfigurationPlatforms) = postSolution
		{B6EE03C8-0177-44EC-8702-61534C2C78B6}.Debug|Any CPU.ActiveCfg = Debug|Any CPU
		{B6EE03C8-0177-44EC-8702-61534C2C78B6}.Debug|Any CPU.Build.0 = Debug|Any CPU
		{B6EE03C8-0177-44EC-8702-61534C2C78B6}.Release|Any CPU.ActiveCfg = Release|Any CPU
		{B6EE03C8-0177-44EC-8702-61534C2C78B6}.Release|Any CPU.Build.0 = Release|Any CPU
	EndGlobalSection
	GlobalSection(SolutionProperties) = preSolution
		HideSolutionNode = FALSE
	EndGlobalSection
	GlobalSection(ExtensibilityGlobals) = postSolution
		SolutionGuid = {2AAA2C59-4D47-44D1-BCAA-7B7B95145E37}
	EndGlobalSection
EndGlobal
